<?xml version="1.0" encoding="utf-8"?>
<Project ToolsVersion="17.0" xmlns="http://schemas.microsoft.com/developer/msbuild/2003">
  <ItemGroup>
    <CustomBuild Include="E:\prgpmmng\source\build\CMakeFiles\72e9bb182f7d3c3b9d2cb531e6b37352\generate.stamp.rule">
      <Filter>CMake Rules</Filter>
    </CustomBuild>
  </ItemGroup>
  <ItemGroup>
    <Filter Include="CMake Rules">
      <UniqueIdentifier>{0B354829-3C20-3FCC-8E8E-A572AA129835}</UniqueIdentifier>
    </Filter>
  </ItemGroup>
</Project>
