<?xml version="1.0" encoding="utf-8"?>
<Project ToolsVersion="17.0" xmlns="http://schemas.microsoft.com/developer/msbuild/2003">
  <ItemGroup>
    <ClCompile Include="E:\prgpmmng\source\hello_world.cpp">
      <Filter>Source Files</Filter>
    </ClCompile>
    <ClCompile Include="E:\prgpmmng\source\example.cpp">
      <Filter>Source Files</Filter>
    </ClCompile>
    <ClCompile Include="E:\prgpmmng\source\move_me_out.cpp">
      <Filter>Source Files</Filter>
    </ClCompile>
  </ItemGroup>
  <ItemGroup>
    <ClInclude Include="E:\prgpmmng\source\example.h">
      <Filter>Header Files</Filter>
    </ClInclude>
    <ClInclude Include="E:\prgpmmng\source\move_me_out.h">
      <Filter>Header Files</Filter>
    </ClInclude>
  </ItemGroup>
  <ItemGroup>
    <CustomBuild Include="E:\prgpmmng\source\CMakeLists.txt" />
  </ItemGroup>
  <ItemGroup>
    <Filter Include="Header Files">
      <UniqueIdentifier>{93F4A96B-99FF-3667-BBAB-BF84DD8641FE}</UniqueIdentifier>
    </Filter>
    <Filter Include="Source Files">
      <UniqueIdentifier>{1E960A8E-6730-36F3-8DFE-6649EAEC3E60}</UniqueIdentifier>
    </Filter>
  </ItemGroup>
</Project>
